
Microsoft Visual Studio Solution File, Format Version 12.00
# Visual Studio Version 16
VisualStudioVersion = 16.0.29411.108
MinimumVisualStudioVersion = 10.0.40219.1
Project("{FAE04EC0-301F-11D3-BF4B-00C04F79EFBC}") = "MvcBasic", "MvcBasic\MvcBasic.csproj", "{9B136481-FE27-423F-A9AC-6FC92AF8C842}"
EndProject
Project("{FAE04EC0-301F-11D3-BF4B-00C04F79EFBC}") = "MvcBasic_Clone", "MvcBasic_Clone\MvcBasic_Clone.csproj", "{4263AF6F-7FC2-4DA7-96CF-9E0831821CD5}"
EndProject
Global
	GlobalSection(SolutionConfigurationPlatforms) = preSolution
		Debug|Any CPU = Debug|Any CPU
		Release|Any CPU = Release|Any CPU
	EndGlobalSection
	GlobalSection(ProjectConfigurationPlatforms) = postSolution
		{9B136481-FE27-423F-A9AC-6FC92AF8C842}.Debug|Any CPU.ActiveCfg = Debug|Any CPU
		{9B136481-FE27-423F-A9AC-6FC92AF8C842}.Debug|Any CPU.Build.0 = Debug|Any CPU
		{9B136481-FE27-423F-A9AC-6FC92AF8C842}.Release|Any CPU.ActiveCfg = Release|Any CPU
		{9B136481-FE27-423F-A9AC-6FC92AF8C842}.Release|Any CPU.Build.0 = Release|Any CPU
		{4263AF6F-7FC2-4DA7-96CF-9E0831821CD5}.Debug|Any CPU.ActiveCfg = Debug|Any CPU
		{4263AF6F-7FC2-4DA7-96CF-9E0831821CD5}.Debug|Any CPU.Build.0 = Debug|Any CPU
		{4263AF6F-7FC2-4DA7-96CF-9E0831821CD5}.Release|Any CPU.ActiveCfg = Release|Any CPU
		{4263AF6F-7FC2-4DA7-96CF-9E0831821CD5}.Release|Any CPU.Build.0 = Release|Any CPU
	EndGlobalSection
	GlobalSection(SolutionProperties) = preSolution
		HideSolutionNode = FALSE
	EndGlobalSection
	GlobalSection(ExtensibilityGlobals) = postSolution
		SolutionGuid = {70DCF60C-4CBB-4BE1-B8F4-20A1B5F4A30F}
	EndGlobalSection
EndGlobal
